
Microsoft Visual Studio Solution File, Format Version 12.00
# Visual Studio 15
VisualStudioVersion = 15.0.28307.168
MinimumVisualStudioVersion = 10.0.40219.1
Project("{FAE04EC0-301F-11D3-BF4B-00C04F79EFBC}") = "ConsoleApp4", "ConsoleApp4\ConsoleApp4.csproj", "{F24C983F-6C15-4930-B46C-8475E5451A66}"
EndProject
Project("{FAE04EC0-301F-11D3-BF4B-00C04F79EFBC}") = "WpfApp1", "WpfApp1\WpfApp1.csproj", "{8DAF5735-F6BA-48A6-BA37-22CC708C7DF1}"
EndProject
Global
	GlobalSection(SolutionConfigurationPlatforms) = preSolution
		Debug|Any CPU = Debug|Any CPU
		Release|Any CPU = Release|Any CPU
	EndGlobalSection
	GlobalSection(ProjectConfigurationPlatforms) = postSolution
		{F24C983F-6C15-4930-B46C-8475E5451A66}.Debug|Any CPU.ActiveCfg = Debug|Any CPU
		{F24C983F-6C15-4930-B46C-8475E5451A66}.Debug|Any CPU.Build.0 = Debug|Any CPU
		{F24C983F-6C15-4930-B46C-8475E5451A66}.Release|Any CPU.ActiveCfg = Release|Any CPU
		{F24C983F-6C15-4930-B46C-8475E5451A66}.Release|Any CPU.Build.0 = Release|Any CPU
		{8DAF5735-F6BA-48A6-BA37-22CC708C7DF1}.Debug|Any CPU.ActiveCfg = Debug|Any CPU
		{8DAF5735-F6BA-48A6-BA37-22CC708C7DF1}.Debug|Any CPU.Build.0 = Debug|Any CPU
		{8DAF5735-F6BA-48A6-BA37-22CC708C7DF1}.Release|Any CPU.ActiveCfg = Release|Any CPU
		{8DAF5735-F6BA-48A6-BA37-22CC708C7DF1}.Release|Any CPU.Build.0 = Release|Any CPU
	EndGlobalSection
	GlobalSection(SolutionProperties) = preSolution
		HideSolutionNode = FALSE
	EndGlobalSection
	GlobalSection(ExtensibilityGlobals) = postSolution
		SolutionGuid = {6FA51718-BDA6-4643-8E6C-94C91F4C6369}
	EndGlobalSection
EndGlobal
